// !$*UTF8*$!
{
	archiveVersion = 1;
	classes = {
	};
	objectVersion = 50;
	objects = {

/* Begin PBXBuildFile section */
		2FD7C7E94F82810875F52771 /* Pods_translator.framework in Frameworks */ = {isa = PBXBuildFile; fileRef = 0BA2B819C047B70571275637 /* Pods_translator.framework */; };
		EA3521E52293FD20009E7C88 /* ItemViewController.swift in Sources */ = {isa = PBXBuildFile; fileRef = EA3521E42293FD20009E7C88 /* ItemViewController.swift */; };
		EA3521E72293FD4D009E7C88 /* HistoryCell.swift in Sources */ = {isa = PBXBuildFile; fileRef = EA3521E62293FD4D009E7C88 /* HistoryCell.swift */; };
		EA3521E922941F26009E7C88 /* CoreDataHelper.swift in Sources */ = {isa = PBXBuildFile; fileRef = EA3521E822941F26009E7C88 /* CoreDataHelper.swift */; };
		EA38BEEA2295907000137719 /* LTCustom.swift in Sources */ = {isa = PBXBuildFile; fileRef = EA38BEE92295907000137719 /* LTCustom.swift */; };
		EAB20E432293E51D00E6C775 /* AppDelegate.swift in Sources */ = {isa = PBXBuildFile; fileRef = EAB20E422293E51D00E6C775 /* AppDelegate.swift */; };
		EAB20E452293E51D00E6C775 /* NewTextViewController.swift in Sources */ = {isa = PBXBuildFile; fileRef = EAB20E442293E51D00E6C775 /* NewTextViewController.swift */; };
		EAB20E472293E51D00E6C775 /* HistoryViewController.swift in Sources */ = {isa = PBXBuildFile; fileRef = EAB20E462293E51D00E6C775 /* HistoryViewController.swift */; };
		EAB20E4A2293E51D00E6C775 /* Main.storyboard in Resources */ = {isa = PBXBuildFile; fileRef = EAB20E482293E51D00E6C775 /* Main.storyboard */; };
		EAB20E4C2293E52000E6C775 /* Assets.xcassets in Resources */ = {isa = PBXBuildFile; fileRef = EAB20E4B2293E52000E6C775 /* Assets.xcassets */; };
		EAB20E4F2293E52000E6C775 /* LaunchScreen.storyboard in Resources */ = {isa = PBXBuildFile; fileRef = EAB20E4D2293E52000E6C775 /* LaunchScreen.storyboard */; };
		EAB20E582293E6B600E6C775 /* translator.xcdatamodeld in Sources */ = {isa = PBXBuildFile; fileRef = EAB20E562293E6B600E6C775 /* translator.xcdatamodeld */; };
/* End PBXBuildFile section */

/* Begin PBXFileReference section */
		0BA2B819C047B70571275637 /* Pods_translator.framework */ = {isa = PBXFileReference; explicitFileType = wrapper.framework; includeInIndex = 0; path = Pods_translator.framework; sourceTree = BUILT_PRODUCTS_DIR; };
		398240077CC6342C7CD2A273 /* Pods-translator.debug.xcconfig */ = {isa = PBXFileReference; includeInIndex = 1; lastKnownFileType = text.xcconfig; name = "Pods-translator.debug.xcconfig"; path = "Target Support Files/Pods-translator/Pods-translator.debug.xcconfig"; sourceTree = "<group>"; };
		D0770266195F387373096B80 /* Pods-translator.release.xcconfig */ = {isa = PBXFileReference; includeInIndex = 1; lastKnownFileType = text.xcconfig; name = "Pods-translator.release.xcconfig"; path = "Target Support Files/Pods-translator/Pods-translator.release.xcconfig"; sourceTree = "<group>"; };
		EA3521E42293FD20009E7C88 /* ItemViewController.swift */ = {isa = PBXFileReference; lastKnownFileType = sourcecode.swift; path = ItemViewController.swift; sourceTree = "<group>"; };
		EA3521E62293FD4D009E7C88 /* HistoryCell.swift */ = {isa = PBXFileReference; lastKnownFileType = sourcecode.swift; path = HistoryCell.swift; sourceTree = "<group>"; };
		EA3521E822941F26009E7C88 /* CoreDataHelper.swift */ = {isa = PBXFileReference; lastKnownFileType = sourcecode.swift; path = CoreDataHelper.swift; sourceTree = "<group>"; };
		EA38BEE92295907000137719 /* LTCustom.swift */ = {isa = PBXFileReference; lastKnownFileType = sourcecode.swift; path = LTCustom.swift; sourceTree = "<group>"; };
		EAB20E3F2293E51D00E6C775 /* translator.app */ = {isa = PBXFileReference; explicitFileType = wrapper.application; includeInIndex = 0; path = translator.app; sourceTree = BUILT_PRODUCTS_DIR; };
		EAB20E422293E51D00E6C775 /* AppDelegate.swift */ = {isa = PBXFileReference; lastKnownFileType = sourcecode.swift; path = AppDelegate.swift; sourceTree = "<group>"; };
		EAB20E442293E51D00E6C775 /* NewTextViewController.swift */ = {isa = PBXFileReference; lastKnownFileType = sourcecode.swift; path = NewTextViewController.swift; sourceTree = "<group>"; };
		EAB20E462293E51D00E6C775 /* HistoryViewController.swift */ = {isa = PBXFileReference; lastKnownFileType = sourcecode.swift; path = HistoryViewController.swift; sourceTree = "<group>"; };
		EAB20E492293E51D00E6C775 /* Base */ = {isa = PBXFileReference; lastKnownFileType = file.storyboard; name = Base; path = Base.lproj/Main.storyboard; sourceTree = "<group>"; };
		EAB20E4B2293E52000E6C775 /* Assets.xcassets */ = {isa = PBXFileReference; lastKnownFileType = folder.assetcatalog; path = Assets.xcassets; sourceTree = "<group>"; };
		EAB20E4E2293E52000E6C775 /* Base */ = {isa = PBXFileReference; lastKnownFileType = file.storyboard; name = Base; path = Base.lproj/LaunchScreen.storyboard; sourceTree = "<group>"; };
		EAB20E502293E52000E6C775 /* Info.plist */ = {isa = PBXFileReference; lastKnownFileType = text.plist.xml; path = Info.plist; sourceTree = "<group>"; };
		EAB20E572293E6B600E6C775 /* translator.xcdatamodel */ = {isa = PBXFileReference; lastKnownFileType = wrapper.xcdatamodel; path = translator.xcdatamodel; sourceTree = "<group>"; };
/* End PBXFileReference section */

/* Begin PBXFrameworksBuildPhase section */
		EAB20E3C2293E51C00E6C775 /* Frameworks */ = {
			isa = PBXFrameworksBuildPhase;
			buildActionMask = 2147483647;
			files = (
				2FD7C7E94F82810875F52771 /* Pods_translator.framework in Frameworks */,
			);
			runOnlyForDeploymentPostprocessing = 0;
		};
/* End PBXFrameworksBuildPhase section */

/* Begin PBXGroup section */
		0F9BE221DC2EF19F255BF956 /* Frameworks */ = {
			isa = PBXGroup;
			children = (
				0BA2B819C047B70571275637 /* Pods_translator.framework */,
			);
			name = Frameworks;
			sourceTree = "<group>";
		};
		54372CB61D20167ADAF52975 /* Pods */ = {
			isa = PBXGroup;
			children = (
				398240077CC6342C7CD2A273 /* Pods-translator.debug.xcconfig */,
				D0770266195F387373096B80 /* Pods-translator.release.xcconfig */,
			);
			path = Pods;
			sourceTree = "<group>";
		};
		EAB20E362293E51C00E6C775 = {
			isa = PBXGroup;
			children = (
				EAB20E412293E51D00E6C775 /* translator */,
				EAB20E402293E51D00E6C775 /* Products */,
				54372CB61D20167ADAF52975 /* Pods */,
				0F9BE221DC2EF19F255BF956 /* Frameworks */,
			);
			sourceTree = "<group>";
		};
		EAB20E402293E51D00E6C775 /* Products */ = {
			isa = PBXGroup;
			children = (
				EAB20E3F2293E51D00E6C775 /* translator.app */,
			);
			name = Products;
			sourceTree = "<group>";
		};
		EAB20E412293E51D00E6C775 /* translator */ = {
			isa = PBXGroup;
			children = (
				EAB20E422293E51D00E6C775 /* AppDelegate.swift */,
				EA38BEE92295907000137719 /* LTCustom.swift */,
				EA3521E822941F26009E7C88 /* CoreDataHelper.swift */,
				EAB20E442293E51D00E6C775 /* NewTextViewController.swift */,
				EAB20E462293E51D00E6C775 /* HistoryViewController.swift */,
				EA3521E62293FD4D009E7C88 /* HistoryCell.swift */,
				EA3521E42293FD20009E7C88 /* ItemViewController.swift */,
				EAB20E482293E51D00E6C775 /* Main.storyboard */,
				EAB20E4B2293E52000E6C775 /* Assets.xcassets */,
				EAB20E4D2293E52000E6C775 /* LaunchScreen.storyboard */,
				EAB20E502293E52000E6C775 /* Info.plist */,
				EAB20E562293E6B600E6C775 /* translator.xcdatamodeld */,
			);
			path = translator;
			sourceTree = "<group>";
		};
/* End PBXGroup section */

/* Begin PBXNativeTarget section */
		EAB20E3E2293E51C00E6C775 /* translator */ = {
			isa = PBXNativeTarget;
			buildConfigurationList = EAB20E532293E52000E6C775 /* Build configuration list for PBXNativeTarget "translator" */;
			buildPhases = (
				99DF569B1859757C14D6F108 /* [CP] Check Pods Manifest.lock */,
				EAB20E3B2293E51C00E6C775 /* Sources */,
				EAB20E3C2293E51C00E6C775 /* Frameworks */,
				EAB20E3D2293E51C00E6C775 /* Resources */,
				D550336FD24C2BF9353415A3 /* [CP] Embed Pods Frameworks */,
			);
			buildRules = (
			);
			dependencies = (
			);
			name = translator;
			productName = translator;
			productReference = EAB20E3F2293E51D00E6C775 /* translator.app */;
			productType = "com.apple.product-type.application";
		};
/* End PBXNativeTarget section */

/* Begin PBXProject section */
		EAB20E372293E51C00E6C775 /* Project object */ = {
			isa = PBXProject;
			attributes = {
				LastSwiftUpdateCheck = 1020;
				LastUpgradeCheck = 1020;
				ORGANIZATIONNAME = TONY;
				TargetAttributes = {
					EAB20E3E2293E51C00E6C775 = {
						CreatedOnToolsVersion = 10.2.1;
					};
				};
			};
			buildConfigurationList = EAB20E3A2293E51C00E6C775 /* Build configuration list for PBXProject "translator" */;
			compatibilityVersion = "Xcode 9.3";
			developmentRegion = en;
			hasScannedForEncodings = 0;
			knownRegions = (
				en,
				Base,
			);
			mainGroup = EAB20E362293E51C00E6C775;
			productRefGroup = EAB20E402293E51D00E6C775 /* Products */;
			projectDirPath = "";
			projectRoot = "";
			targets = (
				EAB20E3E2293E51C00E6C775 /* translator */,
			);
		};
/* End PBXProject section */

/* Begin PBXResourcesBuildPhase section */
		EAB20E3D2293E51C00E6C775 /* Resources */ = {
			isa = PBXResourcesBuildPhase;
			buildActionMask = 2147483647;
			files = (
				EAB20E4F2293E52000E6C775 /* LaunchScreen.storyboard in Resources */,
				EAB20E4C2293E52000E6C775 /* Assets.xcassets in Resources */,
				EAB20E4A2293E51D00E6C775 /* Main.storyboard in Resources */,
			);
			runOnlyForDeploymentPostprocessing = 0;
		};
/* End PBXResourcesBuildPhase section */

/* Begin PBXShellScriptBuildPhase section */
		99DF569B1859757C14D6F108 /* [CP] Check Pods Manifest.lock */ = {
			isa = PBXShellScriptBuildPhase;
			buildActionMask = 2147483647;
			files = (
			);
			inputFileListPaths = (
			);
			inputPaths = (
				"${PODS_PODFILE_DIR_PATH}/Podfile.lock",
				"${PODS_ROOT}/Manifest.lock",
			);
			name = "[CP] Check Pods Manifest.lock";
			outputFileListPaths = (
			);
			outputPaths = (
				"$(DERIVED_FILE_DIR)/Pods-translator-checkManifestLockResult.txt",
			);
			runOnlyForDeploymentPostprocessing = 0;
			shellPath = /bin/sh;
			shellScript = "diff \"${PODS_PODFILE_DIR_PATH}/Podfile.lock\" \"${PODS_ROOT}/Manifest.lock\" > /dev/null\nif [ $? != 0 ] ; then\n    # print error to STDERR\n    echo \"error: The sandbox is not in sync with the Podfile.lock. Run 'pod install' or update your CocoaPods installation.\" >&2\n    exit 1\nfi\n# This output is used by Xcode 'outputs' to avoid re-running this script phase.\necho \"SUCCESS\" > \"${SCRIPT_OUTPUT_FILE_0}\"\n";
			showEnvVarsInLog = 0;
		};
		D550336FD24C2BF9353415A3 /* [CP] Embed Pods Frameworks */ = {
			isa = PBXShellScriptBuildPhase;
			buildActionMask = 2147483647;
			files = (
			);
			inputFileListPaths = (
			);
			inputPaths = (
				"${PODS_ROOT}/Target Support Files/Pods-translator/Pods-translator-frameworks.sh",
				"${BUILT_PRODUCTS_DIR}/IBMWatsonLanguageTranslatorV3/LanguageTranslator.framework",
				"${BUILT_PRODUCTS_DIR}/IBMWatsonRestKit/RestKit.framework",
			);
			name = "[CP] Embed Pods Frameworks";
			outputFileListPaths = (
			);
			outputPaths = (
				"${TARGET_BUILD_DIR}/${FRAMEWORKS_FOLDER_PATH}/LanguageTranslator.framework",
				"${TARGET_BUILD_DIR}/${FRAMEWORKS_FOLDER_PATH}/RestKit.framework",
			);
			runOnlyForDeploymentPostprocessing = 0;
			shellPath = /bin/sh;
			shellScript = "\"${PODS_ROOT}/Target Support Files/Pods-translator/Pods-translator-frameworks.sh\"\n";
			showEnvVarsInLog = 0;
		};
/* End PBXShellScriptBuildPhase section */

/* Begin PBXSourcesBuildPhase section */
		EAB20E3B2293E51C00E6C775 /* Sources */ = {
			isa = PBXSourcesBuildPhase;
			buildActionMask = 2147483647;
			files = (
				EA3521E72293FD4D009E7C88 /* HistoryCell.swift in Sources */,
				EAB20E472293E51D00E6C775 /* HistoryViewController.swift in Sources */,
				EAB20E582293E6B600E6C775 /* translator.xcdatamodeld in Sources */,
				EA3521E922941F26009E7C88 /* CoreDataHelper.swift in Sources */,
				EA38BEEA2295907000137719 /* LTCustom.swift in Sources */,
				EA3521E52293FD20009E7C88 /* ItemViewController.swift in Sources */,
				EAB20E432293E51D00E6C775 /* AppDelegate.swift in Sources */,
				EAB20E452293E51D00E6C775 /* NewTextViewController.swift in Sources */,
			);
			runOnlyForDeploymentPostprocessing = 0;
		};
/* End PBXSourcesBuildPhase section */

/* Begin PBXVariantGroup section */
		EAB20E482293E51D00E6C775 /* Main.storyboard */ = {
			isa = PBXVariantGroup;
			children = (
				EAB20E492293E51D00E6C775 /* Base */,
			);
			name = Main.storyboard;
			sourceTree = "<group>";
		};
		EAB20E4D2293E52000E6C775 /* LaunchScreen.storyboard */ = {
			isa = PBXVariantGroup;
			children = (
				EAB20E4E2293E52000E6C775 /* Base */,
			);
			name = LaunchScreen.storyboard;
			sourceTree = "<group>";
		};
/* End PBXVariantGroup section */

/* Begin XCBuildConfiguration section */
		EAB20E512293E52000E6C775 /* Debug */ = {
			isa = XCBuildConfiguration;
			buildSettings = {
				ALWAYS_SEARCH_USER_PATHS = NO;
				CLANG_ANALYZER_NONNULL = YES;
				CLANG_ANALYZER_NUMBER_OBJECT_CONVERSION = YES_AGGRESSIVE;
				CLANG_CXX_LANGUAGE_STANDARD = "gnu++14";
				CLANG_CXX_LIBRARY = "libc++";
				CLANG_ENABLE_MODULES = YES;
				CLANG_ENABLE_OBJC_ARC = YES;
				CLANG_ENABLE_OBJC_WEAK = YES;
				CLANG_WARN_BLOCK_CAPTURE_AUTORELEASING = YES;
				CLANG_WARN_BOOL_CONVERSION = YES;
				CLANG_WARN_COMMA = YES;
				CLANG_WARN_CONSTANT_CONVERSION = YES;
				CLANG_WARN_DEPRECATED_OBJC_IMPLEMENTATIONS = YES;
				CLANG_WARN_DIRECT_OBJC_ISA_USAGE = YES_ERROR;
				CLANG_WARN_DOCUMENTATION_COMMENTS = YES;
				CLANG_WARN_EMPTY_BODY = YES;
				CLANG_WARN_ENUM_CONVERSION = YES;
				CLANG_WARN_INFINITE_RECURSION = YES;
				CLANG_WARN_INT_CONVERSION = YES;
				CLANG_WARN_NON_LITERAL_NULL_CONVERSION = YES;
				CLANG_WARN_OBJC_IMPLICIT_RETAIN_SELF = YES;
				CLANG_WARN_OBJC_LITERAL_CONVERSION = YES;
				CLANG_WARN_OBJC_ROOT_CLASS = YES_ERROR;
				CLANG_WARN_RANGE_LOOP_ANALYSIS = YES;
				CLANG_WARN_STRICT_PROTOTYPES = YES;
				CLANG_WARN_SUSPICIOUS_MOVE = YES;
				CLANG_WARN_UNGUARDED_AVAILABILITY = YES_AGGRESSIVE;
				CLANG_WARN_UNREACHABLE_CODE = YES;
				CLANG_WARN__DUPLICATE_METHOD_MATCH = YES;
				CODE_SIGN_IDENTITY = "iPhone Developer";
				COPY_PHASE_STRIP = NO;
				DEBUG_INFORMATION_FORMAT = dwarf;
				ENABLE_STRICT_OBJC_MSGSEND = YES;
				ENABLE_TESTABILITY = YES;
				GCC_C_LANGUAGE_STANDARD = gnu11;
				GCC_DYNAMIC_NO_PIC = NO;
				GCC_NO_COMMON_BLOCKS = YES;
				GCC_OPTIMIZATION_LEVEL = 0;
				GCC_PREPROCESSOR_DEFINITIONS = (
					"DEBUG=1",
					"$(inherited)",
				);
				GCC_WARN_64_TO_32_BIT_CONVERSION = YES;
				GCC_WARN_ABOUT_RETURN_TYPE = YES_ERROR;
				GCC_WARN_UNDECLARED_SELECTOR = YES;
				GCC_WARN_UNINITIALIZED_AUTOS = YES_AGGRESSIVE;
				GCC_WARN_UNUSED_FUNCTION = YES;
				GCC_WARN_UNUSED_VARIABLE = YES;
				IPHONEOS_DEPLOYMENT_TARGET = 12.2;
				MTL_ENABLE_DEBUG_INFO = INCLUDE_SOURCE;
				MTL_FAST_MATH = YES;
				ONLY_ACTIVE_ARCH = YES;
				SDKROOT = iphoneos;
				SWIFT_ACTIVE_COMPILATION_CONDITIONS = DEBUG;
				SWIFT_OPTIMIZATION_LEVEL = "-Onone";
			};
			name = Debug;
		};
		EAB20E522293E52000E6C775 /* Release */ = {
			isa = XCBuildConfiguration;
			buildSettings = {
				ALWAYS_SEARCH_USER_PATHS = NO;
				CLANG_ANALYZER_NONNULL = YES;
				CLANG_ANALYZER_NUMBER_OBJECT_CONVERSION = YES_AGGRESSIVE;
				CLANG_CXX_LANGUAGE_STANDARD = "gnu++14";
				CLANG_CXX_LIBRARY = "libc++";
				CLANG_ENABLE_MODULES = YES;
				CLANG_ENABLE_OBJC_ARC = YES;
				CLANG_ENABLE_OBJC_WEAK = YES;
				CLANG_WARN_BLOCK_CAPTURE_AUTORELEASING = YES;
				CLANG_WARN_BOOL_CONVERSION = YES;
				CLANG_WARN_COMMA = YES;
				CLANG_WARN_CONSTANT_CONVERSION = YES;
				CLANG_WARN_DEPRECATED_OBJC_IMPLEMENTATIONS = YES;
				CLANG_WARN_DIRECT_OBJC_ISA_USAGE = YES_ERROR;
				CLANG_WARN_DOCUMENTATION_COMMENTS = YES;
				CLANG_WARN_EMPTY_BODY = YES;
				CLANG_WARN_ENUM_CONVERSION = YES;
				CLANG_WARN_INFINITE_RECURSION = YES;
				CLANG_WARN_INT_CONVERSION = YES;
				CLANG_WARN_NON_LITERAL_NULL_CONVERSION = YES;
				CLANG_WARN_OBJC_IMPLICIT_RETAIN_SELF = YES;
				CLANG_WARN_OBJC_LITERAL_CONVERSION = YES;
				CLANG_WARN_OBJC_ROOT_CLASS = YES_ERROR;
				CLANG_WARN_RANGE_LOOP_ANALYSIS = YES;
				CLANG_WARN_STRICT_PROTOTYPES = YES;
				CLANG_WARN_SUSPICIOUS_MOVE = YES;
				CLANG_WARN_UNGUARDED_AVAILABILITY = YES_AGGRESSIVE;
				CLANG_WARN_UNREACHABLE_CODE = YES;
				CLANG_WARN__DUPLICATE_METHOD_MATCH = YES;
				CODE_SIGN_IDENTITY = "iPhone Developer";
				COPY_PHASE_STRIP = NO;
				DEBUG_INFORMATION_FORMAT = "dwarf-with-dsym";
				ENABLE_NS_ASSERTIONS = NO;
				ENABLE_STRICT_OBJC_MSGSEND = YES;
				GCC_C_LANGUAGE_STANDARD = gnu11;
				GCC_NO_COMMON_BLOCKS = YES;
				GCC_WARN_64_TO_32_BIT_CONVERSION = YES;
				GCC_WARN_ABOUT_RETURN_TYPE = YES_ERROR;
				GCC_WARN_UNDECLARED_SELECTOR = YES;
				GCC_WARN_UNINITIALIZED_AUTOS = YES_AGGRESSIVE;
				GCC_WARN_UNUSED_FUNCTION = YES;
				GCC_WARN_UNUSED_VARIABLE = YES;
				IPHONEOS_DEPLOYMENT_TARGET = 12.2;
				MTL_ENABLE_DEBUG_INFO = NO;
				MTL_FAST_MATH = YES;
				SDKROOT = iphoneos;
				SWIFT_COMPILATION_MODE = wholemodule;
				SWIFT_OPTIMIZATION_LEVEL = "-O";
				VALIDATE_PRODUCT = YES;
			};
			name = Release;
		};
		EAB20E542293E52000E6C775 /* Debug */ = {
			isa = XCBuildConfiguration;
			baseConfigurationReference = 398240077CC6342C7CD2A273 /* Pods-translator.debug.xcconfig */;
			buildSettings = {
				ASSETCATALOG_COMPILER_APPICON_NAME = AppIcon;
				CODE_SIGN_STYLE = Automatic;
				DEVELOPMENT_TEAM = 6VA2MCZ893;
				INFOPLIST_FILE = translator/Info.plist;
				LD_RUNPATH_SEARCH_PATHS = (
					"$(inherited)",
					"@executable_path/Frameworks",
				);
				PRODUCT_BUNDLE_IDENTIFIER = ru.tony.translator;
				PRODUCT_NAME = "$(TARGET_NAME)";
				SWIFT_VERSION = 5.0;
				TARGETED_DEVICE_FAMILY = "1,2";
			};
			name = Debug;
		};
		EAB20E552293E52000E6C775 /* Release */ = {
			isa = XCBuildConfiguration;
			baseConfigurationReference = D0770266195F387373096B80 /* Pods-translator.release.xcconfig */;
			buildSettings = {
				ASSETCATALOG_COMPILER_APPICON_NAME = AppIcon;
				CODE_SIGN_STYLE = Automatic;
				DEVELOPMENT_TEAM = 6VA2MCZ893;
				INFOPLIST_FILE = translator/Info.plist;
				LD_RUNPATH_SEARCH_PATHS = (
					"$(inherited)",
					"@executable_path/Frameworks",
				);
				PRODUCT_BUNDLE_IDENTIFIER = ru.tony.translator;
				PRODUCT_NAME = "$(TARGET_NAME)";
				SWIFT_VERSION = 5.0;
				TARGETED_DEVICE_FAMILY = "1,2";
			};
			name = Release;
		};
/* End XCBuildConfiguration section */

/* Begin XCConfigurationList section */
		EAB20E3A2293E51C00E6C775 /* Build configuration list for PBXProject "translator" */ = {
			isa = XCConfigurationList;
			buildConfigurations = (
				EAB20E512293E52000E6C775 /* Debug */,
				EAB20E522293E52000E6C775 /* Release */,
			);
			defaultConfigurationIsVisible = 0;
			defaultConfigurationName = Release;
		};
		EAB20E532293E52000E6C775 /* Build configuration list for PBXNativeTarget "translator" */ = {
			isa = XCConfigurationList;
			buildConfigurations = (
				EAB20E542293E52000E6C775 /* Debug */,
				EAB20E552293E52000E6C775 /* Release */,
			);
			defaultConfigurationIsVisible = 0;
			defaultConfigurationName = Release;
		};
/* End XCConfigurationList section */

/* Begin XCVersionGroup section */
		EAB20E562293E6B600E6C775 /* translator.xcdatamodeld */ = {
			isa = XCVersionGroup;
			children = (
				EAB20E572293E6B600E6C775 /* translator.xcdatamodel */,
			);
			currentVersion = EAB20E572293E6B600E6C775 /* translator.xcdatamodel */;
			path = translator.xcdatamodeld;
			sourceTree = "<group>";
			versionGroupType = wrapper.xcdatamodel;
		};
/* End XCVersionGroup section */
	};
	rootObject = EAB20E372293E51C00E6C775 /* Project object */;
}
