PODS:
  - IBMWatsonLanguageTranslatorV3 (2.0.3):
    - IBMWatsonRestKit (~> 3.0.0)
  - IBMWatsonRestKit (3.0.1)

DEPENDENCIES:
  - IBMWatsonLanguageTranslatorV3

SPEC REPOS:
  https://github.com/cocoapods/specs.git:
    - IBMWatsonLanguageTranslatorV3
    - IBMWatsonRestKit

SPEC CHECKSUMS:
  IBMWatsonLanguageTranslatorV3: 99bdebb74128349c1e239fbe1ca875afab2ea073
  IBMWatsonRestKit: 73dbe7b437bfefa6105ccee6795c1ada2ef80594

PODFILE CHECKSUM: 53f31fa4b76d76cf2acd1671f0c831c2e93988c7

COCOAPODS: 1.6.1
